
Microsoft Visual Studio Solution File, Format Version 12.00
# Visual Studio Version 16
VisualStudioVersion = 16.0.30611.23
MinimumVisualStudioVersion = 10.0.40219.1
Project("{9A19103F-16F7-4668-BE54-9A1E7A4F7556}") = "CloudAnswerPhone", "CloudAnswerPhone.csproj", "{FBE814AE-51F0-46E0-A19F-9F79D55A5055}"
EndProject
Global
	GlobalSection(SolutionConfigurationPlatforms) = preSolution
		Debug|Any CPU = Debug|Any CPU
		Release|Any CPU = Release|Any CPU
	EndGlobalSection
	GlobalSection(ProjectConfigurationPlatforms) = postSolution
		{FBE814AE-51F0-46E0-A19F-9F79D55A5055}.Debug|Any CPU.ActiveCfg = Debug|Any CPU
		{FBE814AE-51F0-46E0-A19F-9F79D55A5055}.Debug|Any CPU.Build.0 = Debug|Any CPU
		{FBE814AE-51F0-46E0-A19F-9F79D55A5055}.Release|Any CPU.ActiveCfg = Release|Any CPU
		{FBE814AE-51F0-46E0-A19F-9F79D55A5055}.Release|Any CPU.Build.0 = Release|Any CPU
	EndGlobalSection
	GlobalSection(SolutionProperties) = preSolution
		HideSolutionNode = FALSE
	EndGlobalSection
	GlobalSection(ExtensibilityGlobals) = postSolution
		SolutionGuid = {ED3ED69A-D228-49D0-A885-550FFDA0DACB}
	EndGlobalSection
EndGlobal
